
Microsoft Visual Studio Solution File, Format Version 12.00
# Visual Studio Version 17
VisualStudioVersion = 17.14.36202.13
MinimumVisualStudioVersion = 10.0.40219.1
Project("{FAE04EC0-301F-11D3-BF4B-00C04F79EFBC}") = "INFNETPBVENDADECARROS", "INFNETPBVENDADECARROS.csproj", "{F173E86F-9E81-45AA-B9D4-ADC2C8F9D314}"
EndProject
Global
	GlobalSection(SolutionConfigurationPlatforms) = preSolution
		Debug|Any CPU = Debug|Any CPU
		Release|Any CPU = Release|Any CPU
	EndGlobalSection
	GlobalSection(ProjectConfigurationPlatforms) = postSolution
		{F173E86F-9E81-45AA-B9D4-ADC2C8F9D314}.Debug|Any CPU.ActiveCfg = Debug|Any CPU
		{F173E86F-9E81-45AA-B9D4-ADC2C8F9D314}.Debug|Any CPU.Build.0 = Debug|Any CPU
		{F173E86F-9E81-45AA-B9D4-ADC2C8F9D314}.Release|Any CPU.ActiveCfg = Release|Any CPU
		{F173E86F-9E81-45AA-B9D4-ADC2C8F9D314}.Release|Any CPU.Build.0 = Release|Any CPU
	EndGlobalSection
	GlobalSection(SolutionProperties) = preSolution
		HideSolutionNode = FALSE
	EndGlobalSection
	GlobalSection(ExtensibilityGlobals) = postSolution
		SolutionGuid = {779C7A40-042D-4B45-BD3D-91ACC84380AD}
	EndGlobalSection
EndGlobal
